{
    "_meta": {
        "hash": {
            "sha256": "045ea0884add5273156b209f08860680dbedffd811d53df3993563c6dc8b804e"
        },
        "pipfile-spec": 6,
        "requires": {
            "python_version": "3.10"
        },
        "sources": [
            {
                "name": "pypi",
                "url": "https://pypi.org/simple",
                "verify_ssl": true
            }
        ]
    },
    "default": {
        "beautifulsoup4": {
            "hashes": [
                "sha256:58d5c3d29f5a36ffeb94f02f0d786cd53014cf9b3b3951d42e0080d8a9498d30",
                "sha256:ad9aa55b65ef2808eb405f46cf74df7fcb7044d5cbc26487f96eb2ef2e436693"
            ],
            "markers": "python_version >= '3.6'",
            "version": "==4.11.1"
        },
        "bs4": {
            "hashes": [
                "sha256:36ecea1fd7cc5c0c6e4a1ff075df26d50da647b75376626cc186e2212886dd3a"
            ],
            "version": "==0.0.1"
        },
        "fancybox": {
            "hashes": [
                "sha256:618e52a2d089f8450b825e82118d938d1f09950293a9b8421b9768c60c94d8ed",
                "sha256:f2864be7815d22fba296750a8a3bff1e80b5942179b08f9b4aa126a98dca63ca"
            ],
            "index": "pypi",
            "version": "==1.0.0"
        },
        "loader": {
            "hashes": [
                "sha256:8cb53311db108aef9da9c42b308499dd69eacdece6a4651baaabb248f474c1d0"
            ],
            "index": "pypi",
            "version": "==2017.9.11"
        },
        "soupsieve": {
            "hashes": [
                "sha256:3b2503d3c7084a42b1ebd08116e5f81aadfaea95863628c80a3b774a11b7c759",
                "sha256:fc53893b3da2c33de295667a0e19f078c14bf86544af307354de5fcf12a3f30d"
            ],
            "markers": "python_version >= '3.6'",
            "version": "==2.3.2.post1"
        }
    },
    "develop": {}
}
